// !$*UTF8*$!
{
	archiveVersion = 1;
	classes = {
	};
	objectVersion = 46;
	objects = {

/* Begin PBXBuildFile section */
		FBF682C41F76901C00B8804A /* AppDelegate.swift in Sources */ = {isa = PBXBuildFile; fileRef = FBF682C31F76901C00B8804A /* AppDelegate.swift */; };
		FBF682C61F76901C00B8804A /* ViewController.swift in Sources */ = {isa = PBXBuildFile; fileRef = FBF682C51F76901C00B8804A /* ViewController.swift */; };
		FBF682C91F76901C00B8804A /* Main.storyboard in Resources */ = {isa = PBXBuildFile; fileRef = FBF682C71F76901C00B8804A /* Main.storyboard */; };
		FBF682CC1F76901C00B8804A /* DemoISILMiercoles.xcdatamodeld in Sources */ = {isa = PBXBuildFile; fileRef = FBF682CA1F76901C00B8804A /* DemoISILMiercoles.xcdatamodeld */; };
		FBF682CE1F76901C00B8804A /* Assets.xcassets in Resources */ = {isa = PBXBuildFile; fileRef = FBF682CD1F76901C00B8804A /* Assets.xcassets */; };
		FBF682D11F76901C00B8804A /* LaunchScreen.storyboard in Resources */ = {isa = PBXBuildFile; fileRef = FBF682CF1F76901C00B8804A /* LaunchScreen.storyboard */; };
/* End PBXBuildFile section */

/* Begin PBXFileReference section */
		FBF682C01F76901C00B8804A /* DemoISILMiercoles.app */ = {isa = PBXFileReference; explicitFileType = wrapper.application; includeInIndex = 0; path = DemoISILMiercoles.app; sourceTree = BUILT_PRODUCTS_DIR; };
		FBF682C31F76901C00B8804A /* AppDelegate.swift */ = {isa = PBXFileReference; lastKnownFileType = sourcecode.swift; path = AppDelegate.swift; sourceTree = "<group>"; };
		FBF682C51F76901C00B8804A /* ViewController.swift */ = {isa = PBXFileReference; lastKnownFileType = sourcecode.swift; path = ViewController.swift; sourceTree = "<group>"; };
		FBF682C81F76901C00B8804A /* Base */ = {isa = PBXFileReference; lastKnownFileType = file.storyboard; name = Base; path = Base.lproj/Main.storyboard; sourceTree = "<group>"; };
		FBF682CB1F76901C00B8804A /* DemoISILMiercoles.xcdatamodel */ = {isa = PBXFileReference; lastKnownFileType = wrapper.xcdatamodel; path = DemoISILMiercoles.xcdatamodel; sourceTree = "<group>"; };
		FBF682CD1F76901C00B8804A /* Assets.xcassets */ = {isa = PBXFileReference; lastKnownFileType = folder.assetcatalog; path = Assets.xcassets; sourceTree = "<group>"; };
		FBF682D01F76901C00B8804A /* Base */ = {isa = PBXFileReference; lastKnownFileType = file.storyboard; name = Base; path = Base.lproj/LaunchScreen.storyboard; sourceTree = "<group>"; };
		FBF682D21F76901C00B8804A /* Info.plist */ = {isa = PBXFileReference; lastKnownFileType = text.plist.xml; path = Info.plist; sourceTree = "<group>"; };
/* End PBXFileReference section */

/* Begin PBXFrameworksBuildPhase section */
		FBF682BD1F76901C00B8804A /* Frameworks */ = {
			isa = PBXFrameworksBuildPhase;
			buildActionMask = 2147483647;
			files = (
			);
			runOnlyForDeploymentPostprocessing = 0;
		};
/* End PBXFrameworksBuildPhase section */

/* Begin PBXGroup section */
		FBF682B71F76901C00B8804A = {
			isa = PBXGroup;
			children = (
				FBF682C21F76901C00B8804A /* DemoISILMiercoles */,
				FBF682C11F76901C00B8804A /* Products */,
			);
			sourceTree = "<group>";
		};
		FBF682C11F76901C00B8804A /* Products */ = {
			isa = PBXGroup;
			children = (
				FBF682C01F76901C00B8804A /* DemoISILMiercoles.app */,
			);
			name = Products;
			sourceTree = "<group>";
		};
		FBF682C21F76901C00B8804A /* DemoISILMiercoles */ = {
			isa = PBXGroup;
			children = (
				FBF682C31F76901C00B8804A /* AppDelegate.swift */,
				FBF682C51F76901C00B8804A /* ViewController.swift */,
				FBF682C71F76901C00B8804A /* Main.storyboard */,
				FBF682CD1F76901C00B8804A /* Assets.xcassets */,
				FBF682CF1F76901C00B8804A /* LaunchScreen.storyboard */,
				FBF682D21F76901C00B8804A /* Info.plist */,
				FBF682CA1F76901C00B8804A /* DemoISILMiercoles.xcdatamodeld */,
			);
			path = DemoISILMiercoles;
			sourceTree = "<group>";
		};
/* End PBXGroup section */

/* Begin PBXNativeTarget section */
		FBF682BF1F76901C00B8804A /* DemoISILMiercoles */ = {
			isa = PBXNativeTarget;
			buildConfigurationList = FBF682D51F76901C00B8804A /* Build configuration list for PBXNativeTarget "DemoISILMiercoles" */;
			buildPhases = (
				FBF682BC1F76901C00B8804A /* Sources */,
				FBF682BD1F76901C00B8804A /* Frameworks */,
				FBF682BE1F76901C00B8804A /* Resources */,
			);
			buildRules = (
			);
			dependencies = (
			);
			name = DemoISILMiercoles;
			productName = DemoISILMiercoles;
			productReference = FBF682C01F76901C00B8804A /* DemoISILMiercoles.app */;
			productType = "com.apple.product-type.application";
		};
/* End PBXNativeTarget section */

/* Begin PBXProject section */
		FBF682B81F76901C00B8804A /* Project object */ = {
			isa = PBXProject;
			attributes = {
				LastSwiftUpdateCheck = 0830;
				LastUpgradeCheck = 0830;
				ORGANIZATIONNAME = Alumno;
				TargetAttributes = {
					FBF682BF1F76901C00B8804A = {
						CreatedOnToolsVersion = 8.3.3;
						ProvisioningStyle = Automatic;
					};
				};
			};
			buildConfigurationList = FBF682BB1F76901C00B8804A /* Build configuration list for PBXProject "DemoISILMiercoles" */;
			compatibilityVersion = "Xcode 3.2";
			developmentRegion = English;
			hasScannedForEncodings = 0;
			knownRegions = (
				en,
				Base,
			);
			mainGroup = FBF682B71F76901C00B8804A;
			productRefGroup = FBF682C11F76901C00B8804A /* Products */;
			projectDirPath = "";
			projectRoot = "";
			targets = (
				FBF682BF1F76901C00B8804A /* DemoISILMiercoles */,
			);
		};
/* End PBXProject section */

/* Begin PBXResourcesBuildPhase section */
		FBF682BE1F76901C00B8804A /* Resources */ = {
			isa = PBXResourcesBuildPhase;
			buildActionMask = 2147483647;
			files = (
				FBF682D11F76901C00B8804A /* LaunchScreen.storyboard in Resources */,
				FBF682CE1F76901C00B8804A /* Assets.xcassets in Resources */,
				FBF682C91F76901C00B8804A /* Main.storyboard in Resources */,
			);
			runOnlyForDeploymentPostprocessing = 0;
		};
/* End PBXResourcesBuildPhase section */

/* Begin PBXSourcesBuildPhase section */
		FBF682BC1F76901C00B8804A /* Sources */ = {
			isa = PBXSourcesBuildPhase;
			buildActionMask = 2147483647;
			files = (
				FBF682CC1F76901C00B8804A /* DemoISILMiercoles.xcdatamodeld in Sources */,
				FBF682C61F76901C00B8804A /* ViewController.swift in Sources */,
				FBF682C41F76901C00B8804A /* AppDelegate.swift in Sources */,
			);
			runOnlyForDeploymentPostprocessing = 0;
		};
/* End PBXSourcesBuildPhase section */

/* Begin PBXVariantGroup section */
		FBF682C71F76901C00B8804A /* Main.storyboard */ = {
			isa = PBXVariantGroup;
			children = (
				FBF682C81F76901C00B8804A /* Base */,
			);
			name = Main.storyboard;
			sourceTree = "<group>";
		};
		FBF682CF1F76901C00B8804A /* LaunchScreen.storyboard */ = {
			isa = PBXVariantGroup;
			children = (
				FBF682D01F76901C00B8804A /* Base */,
			);
			name = LaunchScreen.storyboard;
			sourceTree = "<group>";
		};
/* End PBXVariantGroup section */

/* Begin XCBuildConfiguration section */
		FBF682D31F76901C00B8804A /* Debug */ = {
			isa = XCBuildConfiguration;
			buildSettings = {
				ALWAYS_SEARCH_USER_PATHS = NO;
				CLANG_ANALYZER_NONNULL = YES;
				CLANG_ANALYZER_NUMBER_OBJECT_CONVERSION = YES_AGGRESSIVE;
				CLANG_CXX_LANGUAGE_STANDARD = "gnu++0x";
				CLANG_CXX_LIBRARY = "libc++";
				CLANG_ENABLE_MODULES = YES;
				CLANG_ENABLE_OBJC_ARC = YES;
				CLANG_WARN_BOOL_CONVERSION = YES;
				CLANG_WARN_CONSTANT_CONVERSION = YES;
				CLANG_WARN_DIRECT_OBJC_ISA_USAGE = YES_ERROR;
				CLANG_WARN_DOCUMENTATION_COMMENTS = YES;
				CLANG_WARN_EMPTY_BODY = YES;
				CLANG_WARN_ENUM_CONVERSION = YES;
				CLANG_WARN_INFINITE_RECURSION = YES;
				CLANG_WARN_INT_CONVERSION = YES;
				CLANG_WARN_OBJC_ROOT_CLASS = YES_ERROR;
				CLANG_WARN_SUSPICIOUS_MOVE = YES;
				CLANG_WARN_UNREACHABLE_CODE = YES;
				CLANG_WARN__DUPLICATE_METHOD_MATCH = YES;
				"CODE_SIGN_IDENTITY[sdk=iphoneos*]" = "iPhone Developer";
				COPY_PHASE_STRIP = NO;
				DEBUG_INFORMATION_FORMAT = dwarf;
				ENABLE_STRICT_OBJC_MSGSEND = YES;
				ENABLE_TESTABILITY = YES;
				GCC_C_LANGUAGE_STANDARD = gnu99;
				GCC_DYNAMIC_NO_PIC = NO;
				GCC_NO_COMMON_BLOCKS = YES;
				GCC_OPTIMIZATION_LEVEL = 0;
				GCC_PREPROCESSOR_DEFINITIONS = (
					"DEBUG=1",
					"$(inherited)",
				);
				GCC_WARN_64_TO_32_BIT_CONVERSION = YES;
				GCC_WARN_ABOUT_RETURN_TYPE = YES_ERROR;
				GCC_WARN_UNDECLARED_SELECTOR = YES;
				GCC_WARN_UNINITIALIZED_AUTOS = YES_AGGRESSIVE;
				GCC_WARN_UNUSED_FUNCTION = YES;
				GCC_WARN_UNUSED_VARIABLE = YES;
				IPHONEOS_DEPLOYMENT_TARGET = 10.3;
				MTL_ENABLE_DEBUG_INFO = YES;
				ONLY_ACTIVE_ARCH = YES;
				SDKROOT = iphoneos;
				SWIFT_ACTIVE_COMPILATION_CONDITIONS = DEBUG;
				SWIFT_OPTIMIZATION_LEVEL = "-Onone";
			};
			name = Debug;
		};
		FBF682D41F76901C00B8804A /* Release */ = {
			isa = XCBuildConfiguration;
			buildSettings = {
				ALWAYS_SEARCH_USER_PATHS = NO;
				CLANG_ANALYZER_NONNULL = YES;
				CLANG_ANALYZER_NUMBER_OBJECT_CONVERSION = YES_AGGRESSIVE;
				CLANG_CXX_LANGUAGE_STANDARD = "gnu++0x";
				CLANG_CXX_LIBRARY = "libc++";
				CLANG_ENABLE_MODULES = YES;
				CLANG_ENABLE_OBJC_ARC = YES;
				CLANG_WARN_BOOL_CONVERSION = YES;
				CLANG_WARN_CONSTANT_CONVERSION = YES;
				CLANG_WARN_DIRECT_OBJC_ISA_USAGE = YES_ERROR;
				CLANG_WARN_DOCUMENTATION_COMMENTS = YES;
				CLANG_WARN_EMPTY_BODY = YES;
				CLANG_WARN_ENUM_CONVERSION = YES;
				CLANG_WARN_INFINITE_RECURSION = YES;
				CLANG_WARN_INT_CONVERSION = YES;
				CLANG_WARN_OBJC_ROOT_CLASS = YES_ERROR;
				CLANG_WARN_SUSPICIOUS_MOVE = YES;
				CLANG_WARN_UNREACHABLE_CODE = YES;
				CLANG_WARN__DUPLICATE_METHOD_MATCH = YES;
				"CODE_SIGN_IDENTITY[sdk=iphoneos*]" = "iPhone Developer";
				COPY_PHASE_STRIP = NO;
				DEBUG_INFORMATION_FORMAT = "dwarf-with-dsym";
				ENABLE_NS_ASSERTIONS = NO;
				ENABLE_STRICT_OBJC_MSGSEND = YES;
				GCC_C_LANGUAGE_STANDARD = gnu99;
				GCC_NO_COMMON_BLOCKS = YES;
				GCC_WARN_64_TO_32_BIT_CONVERSION = YES;
				GCC_WARN_ABOUT_RETURN_TYPE = YES_ERROR;
				GCC_WARN_UNDECLARED_SELECTOR = YES;
				GCC_WARN_UNINITIALIZED_AUTOS = YES_AGGRESSIVE;
				GCC_WARN_UNUSED_FUNCTION = YES;
				GCC_WARN_UNUSED_VARIABLE = YES;
				IPHONEOS_DEPLOYMENT_TARGET = 10.3;
				MTL_ENABLE_DEBUG_INFO = NO;
				SDKROOT = iphoneos;
				SWIFT_OPTIMIZATION_LEVEL = "-Owholemodule";
				VALIDATE_PRODUCT = YES;
			};
			name = Release;
		};
		FBF682D61F76901C00B8804A /* Debug */ = {
			isa = XCBuildConfiguration;
			buildSettings = {
				ASSETCATALOG_COMPILER_APPICON_NAME = AppIcon;
				INFOPLIST_FILE = DemoISILMiercoles/Info.plist;
				LD_RUNPATH_SEARCH_PATHS = "$(inherited) @executable_path/Frameworks";
				PRODUCT_BUNDLE_IDENTIFIER = com.isil.DemoISILMiercoles;
				PRODUCT_NAME = "$(TARGET_NAME)";
				SWIFT_VERSION = 3.0;
			};
			name = Debug;
		};
		FBF682D71F76901C00B8804A /* Release */ = {
			isa = XCBuildConfiguration;
			buildSettings = {
				ASSETCATALOG_COMPILER_APPICON_NAME = AppIcon;
				INFOPLIST_FILE = DemoISILMiercoles/Info.plist;
				LD_RUNPATH_SEARCH_PATHS = "$(inherited) @executable_path/Frameworks";
				PRODUCT_BUNDLE_IDENTIFIER = com.isil.DemoISILMiercoles;
				PRODUCT_NAME = "$(TARGET_NAME)";
				SWIFT_VERSION = 3.0;
			};
			name = Release;
		};
/* End XCBuildConfiguration section */

/* Begin XCConfigurationList section */
		FBF682BB1F76901C00B8804A /* Build configuration list for PBXProject "DemoISILMiercoles" */ = {
			isa = XCConfigurationList;
			buildConfigurations = (
				FBF682D31F76901C00B8804A /* Debug */,
				FBF682D41F76901C00B8804A /* Release */,
			);
			defaultConfigurationIsVisible = 0;
			defaultConfigurationName = Release;
		};
		FBF682D51F76901C00B8804A /* Build configuration list for PBXNativeTarget "DemoISILMiercoles" */ = {
			isa = XCConfigurationList;
			buildConfigurations = (
				FBF682D61F76901C00B8804A /* Debug */,
				FBF682D71F76901C00B8804A /* Release */,
			);
			defaultConfigurationIsVisible = 0;
		};
/* End XCConfigurationList section */

/* Begin XCVersionGroup section */
		FBF682CA1F76901C00B8804A /* DemoISILMiercoles.xcdatamodeld */ = {
			isa = XCVersionGroup;
			children = (
				FBF682CB1F76901C00B8804A /* DemoISILMiercoles.xcdatamodel */,
			);
			currentVersion = FBF682CB1F76901C00B8804A /* DemoISILMiercoles.xcdatamodel */;
			path = DemoISILMiercoles.xcdatamodeld;
			sourceTree = "<group>";
			versionGroupType = wrapper.xcdatamodel;
		};
/* End XCVersionGroup section */
	};
	rootObject = FBF682B81F76901C00B8804A /* Project object */;
}
